// !$*UTF8*$!
{
	archiveVersion = 1;
	classes = {
	};
	objectVersion = 46;
	objects = {

/* Begin PBXBuildFile section */
		2B192742CB268E5B9D14D02A /* Pods_pathfinder_alphaTests.framework in Frameworks */ = {isa = PBXBuildFile; fileRef = 3B0C8C58FEE2273DBECBD707 /* Pods_pathfinder_alphaTests.framework */; };
		9FCCBDE52558F7B6C2CF0EB4 /* Pods_pathfinder_alphaUITests.framework in Frameworks */ = {isa = PBXBuildFile; fileRef = 75A339AC3E9B3C93CA080EBD /* Pods_pathfinder_alphaUITests.framework */; };
		A033F2A91D05F5F300F1A031 /* PlayerCharacter.swift in Sources */ = {isa = PBXBuildFile; fileRef = A033F2A81D05F5F300F1A031 /* PlayerCharacter.swift */; };
		A033F2AD1D05F9DD00F1A031 /* RaceSelectVC.swift in Sources */ = {isa = PBXBuildFile; fileRef = A033F2AC1D05F9DD00F1A031 /* RaceSelectVC.swift */; };
		A033F2AF1D05FA7C00F1A031 /* Manager.swift in Sources */ = {isa = PBXBuildFile; fileRef = A033F2AE1D05FA7C00F1A031 /* Manager.swift */; };
		A033F2B11D05FC9700F1A031 /* ClassSelectVC.swift in Sources */ = {isa = PBXBuildFile; fileRef = A033F2B01D05FC9700F1A031 /* ClassSelectVC.swift */; };
		A033F2B51D05FE6F00F1A031 /* AbilityScoreVC.swift in Sources */ = {isa = PBXBuildFile; fileRef = A033F2B41D05FE6F00F1A031 /* AbilityScoreVC.swift */; };
		A0833CCF1D0D1AB2002C5A67 /* SkillsVC.swift in Sources */ = {isa = PBXBuildFile; fileRef = A0833CCE1D0D1AB2002C5A67 /* SkillsVC.swift */; };
		A0833CD11D0E5018002C5A67 /* Skills.swift in Sources */ = {isa = PBXBuildFile; fileRef = A0833CD01D0E5018002C5A67 /* Skills.swift */; };
		A0833CD31D0E503A002C5A67 /* AbilityScores.swift in Sources */ = {isa = PBXBuildFile; fileRef = A0833CD21D0E503A002C5A67 /* AbilityScores.swift */; };
		A0833CDD1D0E8B7D002C5A67 /* Classes.swift in Sources */ = {isa = PBXBuildFile; fileRef = A0833CDC1D0E8B7D002C5A67 /* Classes.swift */; };
		A0833CE01D0E9062002C5A67 /* Realm.framework in Frameworks */ = {isa = PBXBuildFile; fileRef = A0833CDE1D0E9062002C5A67 /* Realm.framework */; };
		A0833CE11D0E9062002C5A67 /* Realm.framework in Embed Frameworks */ = {isa = PBXBuildFile; fileRef = A0833CDE1D0E9062002C5A67 /* Realm.framework */; settings = {ATTRIBUTES = (CodeSignOnCopy, RemoveHeadersOnCopy, ); }; };
		A0833CE21D0E9062002C5A67 /* RealmSwift.framework in Frameworks */ = {isa = PBXBuildFile; fileRef = A0833CDF1D0E9062002C5A67 /* RealmSwift.framework */; };
		A0833CE31D0E9062002C5A67 /* RealmSwift.framework in Embed Frameworks */ = {isa = PBXBuildFile; fileRef = A0833CDF1D0E9062002C5A67 /* RealmSwift.framework */; settings = {ATTRIBUTES = (CodeSignOnCopy, RemoveHeadersOnCopy, ); }; };
		A0C2804B1D012547008D2DF9 /* AppDelegate.swift in Sources */ = {isa = PBXBuildFile; fileRef = A0C2804A1D012547008D2DF9 /* AppDelegate.swift */; };
		A0C2804D1D012547008D2DF9 /* StartVC.swift in Sources */ = {isa = PBXBuildFile; fileRef = A0C2804C1D012547008D2DF9 /* StartVC.swift */; };
		A0C280501D012547008D2DF9 /* Main.storyboard in Resources */ = {isa = PBXBuildFile; fileRef = A0C2804E1D012547008D2DF9 /* Main.storyboard */; };
		A0C280531D012547008D2DF9 /* pathfinder_alpha.xcdatamodeld in Sources */ = {isa = PBXBuildFile; fileRef = A0C280511D012547008D2DF9 /* pathfinder_alpha.xcdatamodeld */; };
		A0C280551D012547008D2DF9 /* Assets.xcassets in Resources */ = {isa = PBXBuildFile; fileRef = A0C280541D012547008D2DF9 /* Assets.xcassets */; };
		A0C280581D012547008D2DF9 /* LaunchScreen.storyboard in Resources */ = {isa = PBXBuildFile; fileRef = A0C280561D012547008D2DF9 /* LaunchScreen.storyboard */; };
		A0C280631D012547008D2DF9 /* pathfinder_alphaTests.swift in Sources */ = {isa = PBXBuildFile; fileRef = A0C280621D012547008D2DF9 /* pathfinder_alphaTests.swift */; };
		A0C2806E1D012547008D2DF9 /* pathfinder_alphaUITests.swift in Sources */ = {isa = PBXBuildFile; fileRef = A0C2806D1D012547008D2DF9 /* pathfinder_alphaUITests.swift */; };
		A0FFFFED1D0FA61D0012BFD1 /* Feats_PFSRD_Core.csv in Resources */ = {isa = PBXBuildFile; fileRef = A0FFFFEC1D0FA61D0012BFD1 /* Feats_PFSRD_Core.csv */; };
		A0FFFFF31D0FA62A0012BFD1 /* CSV.swift in Sources */ = {isa = PBXBuildFile; fileRef = A0FFFFEE1D0FA62A0012BFD1 /* CSV.swift */; };
		A0FFFFF41D0FA62A0012BFD1 /* Description.swift in Sources */ = {isa = PBXBuildFile; fileRef = A0FFFFEF1D0FA62A0012BFD1 /* Description.swift */; };
		A0FFFFF51D0FA62A0012BFD1 /* Parser.swift in Sources */ = {isa = PBXBuildFile; fileRef = A0FFFFF01D0FA62A0012BFD1 /* Parser.swift */; };
		A0FFFFF61D0FA62A0012BFD1 /* ParserHelpers.swift in Sources */ = {isa = PBXBuildFile; fileRef = A0FFFFF11D0FA62A0012BFD1 /* ParserHelpers.swift */; };
		A0FFFFF71D0FA62A0012BFD1 /* String+Lines.swift in Sources */ = {isa = PBXBuildFile; fileRef = A0FFFFF21D0FA62A0012BFD1 /* String+Lines.swift */; };
		A0FFFFFA1D0FA81A0012BFD1 /* Feats_PFSRD_Core.json in Resources */ = {isa = PBXBuildFile; fileRef = A0FFFFF91D0FA81A0012BFD1 /* Feats_PFSRD_Core.json */; };
		A0FFFFFC1D10749B0012BFD1 /* Spellcaster.swift in Sources */ = {isa = PBXBuildFile; fileRef = A0FFFFFB1D10749B0012BFD1 /* Spellcaster.swift */; };
		A0FFFFFE1D1075150012BFD1 /* Feats.swift in Sources */ = {isa = PBXBuildFile; fileRef = A0FFFFFD1D1075150012BFD1 /* Feats.swift */; };
		D6B3C9C5A8D0F35EE9CDE414 /* Pods_pathfinder_alpha.framework in Frameworks */ = {isa = PBXBuildFile; fileRef = AD28D66F56A80E61E79EAE20 /* Pods_pathfinder_alpha.framework */; };
/* End PBXBuildFile section */

/* Begin PBXContainerItemProxy section */
		A0C2805F1D012547008D2DF9 /* PBXContainerItemProxy */ = {
			isa = PBXContainerItemProxy;
			containerPortal = A0C2803F1D012547008D2DF9 /* Project object */;
			proxyType = 1;
			remoteGlobalIDString = A0C280461D012547008D2DF9;
			remoteInfo = "pathfinder-alpha";
		};
		A0C2806A1D012547008D2DF9 /* PBXContainerItemProxy */ = {
			isa = PBXContainerItemProxy;
			containerPortal = A0C2803F1D012547008D2DF9 /* Project object */;
			proxyType = 1;
			remoteGlobalIDString = A0C280461D012547008D2DF9;
			remoteInfo = "pathfinder-alpha";
		};
/* End PBXContainerItemProxy section */

/* Begin PBXCopyFilesBuildPhase section */
		A0833CE41D0E9062002C5A67 /* Embed Frameworks */ = {
			isa = PBXCopyFilesBuildPhase;
			buildActionMask = 2147483647;
			dstPath = "";
			dstSubfolderSpec = 10;
			files = (
				A0833CE31D0E9062002C5A67 /* RealmSwift.framework in Embed Frameworks */,
				A0833CE11D0E9062002C5A67 /* Realm.framework in Embed Frameworks */,
			);
			name = "Embed Frameworks";
			runOnlyForDeploymentPostprocessing = 0;
		};
/* End PBXCopyFilesBuildPhase section */

/* Begin PBXFileReference section */
		3B0C8C58FEE2273DBECBD707 /* Pods_pathfinder_alphaTests.framework */ = {isa = PBXFileReference; explicitFileType = wrapper.framework; includeInIndex = 0; path = Pods_pathfinder_alphaTests.framework; sourceTree = BUILT_PRODUCTS_DIR; };
		673A2980DC8A2B8F2027F35E /* Pods-pathfinder-alpha.debug.xcconfig */ = {isa = PBXFileReference; includeInIndex = 1; lastKnownFileType = text.xcconfig; name = "Pods-pathfinder-alpha.debug.xcconfig"; path = "Pods/Target Support Files/Pods-pathfinder-alpha/Pods-pathfinder-alpha.debug.xcconfig"; sourceTree = "<group>"; };
		75A339AC3E9B3C93CA080EBD /* Pods_pathfinder_alphaUITests.framework */ = {isa = PBXFileReference; explicitFileType = wrapper.framework; includeInIndex = 0; path = Pods_pathfinder_alphaUITests.framework; sourceTree = BUILT_PRODUCTS_DIR; };
		77AFE22F87E0C235C0E0C4AA /* Pods-pathfinder-alphaUITests.debug.xcconfig */ = {isa = PBXFileReference; includeInIndex = 1; lastKnownFileType = text.xcconfig; name = "Pods-pathfinder-alphaUITests.debug.xcconfig"; path = "Pods/Target Support Files/Pods-pathfinder-alphaUITests/Pods-pathfinder-alphaUITests.debug.xcconfig"; sourceTree = "<group>"; };
		8DC730A5EF888E1A25C879E3 /* Pods-pathfinder-alphaTests.debug.xcconfig */ = {isa = PBXFileReference; includeInIndex = 1; lastKnownFileType = text.xcconfig; name = "Pods-pathfinder-alphaTests.debug.xcconfig"; path = "Pods/Target Support Files/Pods-pathfinder-alphaTests/Pods-pathfinder-alphaTests.debug.xcconfig"; sourceTree = "<group>"; };
		A033F2A81D05F5F300F1A031 /* PlayerCharacter.swift */ = {isa = PBXFileReference; fileEncoding = 4; lastKnownFileType = sourcecode.swift; path = PlayerCharacter.swift; sourceTree = "<group>"; };
		A033F2AC1D05F9DD00F1A031 /* RaceSelectVC.swift */ = {isa = PBXFileReference; fileEncoding = 4; lastKnownFileType = sourcecode.swift; path = RaceSelectVC.swift; sourceTree = "<group>"; };
		A033F2AE1D05FA7C00F1A031 /* Manager.swift */ = {isa = PBXFileReference; fileEncoding = 4; lastKnownFileType = sourcecode.swift; path = Manager.swift; sourceTree = "<group>"; };
		A033F2B01D05FC9700F1A031 /* ClassSelectVC.swift */ = {isa = PBXFileReference; fileEncoding = 4; lastKnownFileType = sourcecode.swift; path = ClassSelectVC.swift; sourceTree = "<group>"; };
		A033F2B41D05FE6F00F1A031 /* AbilityScoreVC.swift */ = {isa = PBXFileReference; fileEncoding = 4; lastKnownFileType = sourcecode.swift; path = AbilityScoreVC.swift; sourceTree = "<group>"; };
		A0833CCE1D0D1AB2002C5A67 /* SkillsVC.swift */ = {isa = PBXFileReference; fileEncoding = 4; lastKnownFileType = sourcecode.swift; path = SkillsVC.swift; sourceTree = "<group>"; };
		A0833CD01D0E5018002C5A67 /* Skills.swift */ = {isa = PBXFileReference; fileEncoding = 4; lastKnownFileType = sourcecode.swift; path = Skills.swift; sourceTree = "<group>"; };
		A0833CD21D0E503A002C5A67 /* AbilityScores.swift */ = {isa = PBXFileReference; fileEncoding = 4; lastKnownFileType = sourcecode.swift; path = AbilityScores.swift; sourceTree = "<group>"; };
		A0833CDC1D0E8B7D002C5A67 /* Classes.swift */ = {isa = PBXFileReference; fileEncoding = 4; lastKnownFileType = sourcecode.swift; path = Classes.swift; sourceTree = "<group>"; };
		A0833CDE1D0E9062002C5A67 /* Realm.framework */ = {isa = PBXFileReference; lastKnownFileType = wrapper.framework; path = Realm.framework; sourceTree = "<group>"; };
		A0833CDF1D0E9062002C5A67 /* RealmSwift.framework */ = {isa = PBXFileReference; lastKnownFileType = wrapper.framework; path = RealmSwift.framework; sourceTree = "<group>"; };
		A0C280471D012547008D2DF9 /* pathfinder-alpha.app */ = {isa = PBXFileReference; explicitFileType = wrapper.application; includeInIndex = 0; path = "pathfinder-alpha.app"; sourceTree = BUILT_PRODUCTS_DIR; };
		A0C2804A1D012547008D2DF9 /* AppDelegate.swift */ = {isa = PBXFileReference; lastKnownFileType = sourcecode.swift; path = AppDelegate.swift; sourceTree = "<group>"; };
		A0C2804C1D012547008D2DF9 /* StartVC.swift */ = {isa = PBXFileReference; lastKnownFileType = sourcecode.swift; path = StartVC.swift; sourceTree = "<group>"; };
		A0C2804F1D012547008D2DF9 /* Base */ = {isa = PBXFileReference; lastKnownFileType = file.storyboard; name = Base; path = Base.lproj/Main.storyboard; sourceTree = "<group>"; };
		A0C280521D012547008D2DF9 /* pathfinder_alpha.xcdatamodel */ = {isa = PBXFileReference; lastKnownFileType = wrapper.xcdatamodel; path = pathfinder_alpha.xcdatamodel; sourceTree = "<group>"; };
		A0C280541D012547008D2DF9 /* Assets.xcassets */ = {isa = PBXFileReference; lastKnownFileType = folder.assetcatalog; path = Assets.xcassets; sourceTree = "<group>"; };
		A0C280571D012547008D2DF9 /* Base */ = {isa = PBXFileReference; lastKnownFileType = file.storyboard; name = Base; path = Base.lproj/LaunchScreen.storyboard; sourceTree = "<group>"; };
		A0C280591D012547008D2DF9 /* Info.plist */ = {isa = PBXFileReference; lastKnownFileType = text.plist.xml; path = Info.plist; sourceTree = "<group>"; };
		A0C2805E1D012547008D2DF9 /* pathfinder-alphaTests.xctest */ = {isa = PBXFileReference; explicitFileType = wrapper.cfbundle; includeInIndex = 0; path = "pathfinder-alphaTests.xctest"; sourceTree = BUILT_PRODUCTS_DIR; };
		A0C280621D012547008D2DF9 /* pathfinder_alphaTests.swift */ = {isa = PBXFileReference; lastKnownFileType = sourcecode.swift; path = pathfinder_alphaTests.swift; sourceTree = "<group>"; };
		A0C280641D012547008D2DF9 /* Info.plist */ = {isa = PBXFileReference; lastKnownFileType = text.plist.xml; path = Info.plist; sourceTree = "<group>"; };
		A0C280691D012547008D2DF9 /* pathfinder-alphaUITests.xctest */ = {isa = PBXFileReference; explicitFileType = wrapper.cfbundle; includeInIndex = 0; path = "pathfinder-alphaUITests.xctest"; sourceTree = BUILT_PRODUCTS_DIR; };
		A0C2806D1D012547008D2DF9 /* pathfinder_alphaUITests.swift */ = {isa = PBXFileReference; lastKnownFileType = sourcecode.swift; path = pathfinder_alphaUITests.swift; sourceTree = "<group>"; };
		A0C2806F1D012547008D2DF9 /* Info.plist */ = {isa = PBXFileReference; lastKnownFileType = text.plist.xml; path = Info.plist; sourceTree = "<group>"; };
		A0FFFFEC1D0FA61D0012BFD1 /* Feats_PFSRD_Core.csv */ = {isa = PBXFileReference; fileEncoding = 4; lastKnownFileType = text; path = Feats_PFSRD_Core.csv; sourceTree = "<group>"; };
		A0FFFFEE1D0FA62A0012BFD1 /* CSV.swift */ = {isa = PBXFileReference; fileEncoding = 4; lastKnownFileType = sourcecode.swift; path = CSV.swift; sourceTree = "<group>"; };
		A0FFFFEF1D0FA62A0012BFD1 /* Description.swift */ = {isa = PBXFileReference; fileEncoding = 4; lastKnownFileType = sourcecode.swift; path = Description.swift; sourceTree = "<group>"; };
		A0FFFFF01D0FA62A0012BFD1 /* Parser.swift */ = {isa = PBXFileReference; fileEncoding = 4; lastKnownFileType = sourcecode.swift; path = Parser.swift; sourceTree = "<group>"; };
		A0FFFFF11D0FA62A0012BFD1 /* ParserHelpers.swift */ = {isa = PBXFileReference; fileEncoding = 4; lastKnownFileType = sourcecode.swift; path = ParserHelpers.swift; sourceTree = "<group>"; };
		A0FFFFF21D0FA62A0012BFD1 /* String+Lines.swift */ = {isa = PBXFileReference; fileEncoding = 4; lastKnownFileType = sourcecode.swift; path = "String+Lines.swift"; sourceTree = "<group>"; };
		A0FFFFF91D0FA81A0012BFD1 /* Feats_PFSRD_Core.json */ = {isa = PBXFileReference; fileEncoding = 4; lastKnownFileType = text.json; path = Feats_PFSRD_Core.json; sourceTree = "<group>"; };
		A0FFFFFB1D10749B0012BFD1 /* Spellcaster.swift */ = {isa = PBXFileReference; fileEncoding = 4; lastKnownFileType = sourcecode.swift; path = Spellcaster.swift; sourceTree = "<group>"; };
		A0FFFFFD1D1075150012BFD1 /* Feats.swift */ = {isa = PBXFileReference; fileEncoding = 4; lastKnownFileType = sourcecode.swift; path = Feats.swift; sourceTree = "<group>"; };
		AD28D66F56A80E61E79EAE20 /* Pods_pathfinder_alpha.framework */ = {isa = PBXFileReference; explicitFileType = wrapper.framework; includeInIndex = 0; path = Pods_pathfinder_alpha.framework; sourceTree = BUILT_PRODUCTS_DIR; };
		DA25D2ABBC16FBC406152F1B /* Pods-pathfinder-alpha.release.xcconfig */ = {isa = PBXFileReference; includeInIndex = 1; lastKnownFileType = text.xcconfig; name = "Pods-pathfinder-alpha.release.xcconfig"; path = "Pods/Target Support Files/Pods-pathfinder-alpha/Pods-pathfinder-alpha.release.xcconfig"; sourceTree = "<group>"; };
		DC03DBFEDC8CEF0C7749000F /* Pods-pathfinder-alphaTests.release.xcconfig */ = {isa = PBXFileReference; includeInIndex = 1; lastKnownFileType = text.xcconfig; name = "Pods-pathfinder-alphaTests.release.xcconfig"; path = "Pods/Target Support Files/Pods-pathfinder-alphaTests/Pods-pathfinder-alphaTests.release.xcconfig"; sourceTree = "<group>"; };
		DC95018DD9B69F17654B56D2 /* Pods-pathfinder-alphaUITests.release.xcconfig */ = {isa = PBXFileReference; includeInIndex = 1; lastKnownFileType = text.xcconfig; name = "Pods-pathfinder-alphaUITests.release.xcconfig"; path = "Pods/Target Support Files/Pods-pathfinder-alphaUITests/Pods-pathfinder-alphaUITests.release.xcconfig"; sourceTree = "<group>"; };
/* End PBXFileReference section */

/* Begin PBXFrameworksBuildPhase section */
		A0C280441D012547008D2DF9 /* Frameworks */ = {
			isa = PBXFrameworksBuildPhase;
			buildActionMask = 2147483647;
			files = (
				A0833CE01D0E9062002C5A67 /* Realm.framework in Frameworks */,
				D6B3C9C5A8D0F35EE9CDE414 /* Pods_pathfinder_alpha.framework in Frameworks */,
				A0833CE21D0E9062002C5A67 /* RealmSwift.framework in Frameworks */,
			);
			runOnlyForDeploymentPostprocessing = 0;
		};
		A0C2805B1D012547008D2DF9 /* Frameworks */ = {
			isa = PBXFrameworksBuildPhase;
			buildActionMask = 2147483647;
			files = (
				2B192742CB268E5B9D14D02A /* Pods_pathfinder_alphaTests.framework in Frameworks */,
			);
			runOnlyForDeploymentPostprocessing = 0;
		};
		A0C280661D012547008D2DF9 /* Frameworks */ = {
			isa = PBXFrameworksBuildPhase;
			buildActionMask = 2147483647;
			files = (
				9FCCBDE52558F7B6C2CF0EB4 /* Pods_pathfinder_alphaUITests.framework in Frameworks */,
			);
			runOnlyForDeploymentPostprocessing = 0;
		};
/* End PBXFrameworksBuildPhase section */

/* Begin PBXGroup section */
		506F63EEA021B603BC865271 /* Frameworks */ = {
			isa = PBXGroup;
			children = (
				AD28D66F56A80E61E79EAE20 /* Pods_pathfinder_alpha.framework */,
				3B0C8C58FEE2273DBECBD707 /* Pods_pathfinder_alphaTests.framework */,
				75A339AC3E9B3C93CA080EBD /* Pods_pathfinder_alphaUITests.framework */,
			);
			name = Frameworks;
			sourceTree = "<group>";
		};
		A06DD0021D056FBF00DD8948 /* Controller */ = {
			isa = PBXGroup;
			children = (
				A0C2804C1D012547008D2DF9 /* StartVC.swift */,
				A033F2AC1D05F9DD00F1A031 /* RaceSelectVC.swift */,
				A033F2B01D05FC9700F1A031 /* ClassSelectVC.swift */,
				A033F2B41D05FE6F00F1A031 /* AbilityScoreVC.swift */,
				A0833CCE1D0D1AB2002C5A67 /* SkillsVC.swift */,
			);
			name = Controller;
			sourceTree = "<group>";
		};
		A06DD0031D056FEC00DD8948 /* View */ = {
			isa = PBXGroup;
			children = (
			);
			name = View;
			sourceTree = "<group>";
		};
		A06DD0041D056FF100DD8948 /* Model */ = {
			isa = PBXGroup;
			children = (
				A033F2A81D05F5F300F1A031 /* PlayerCharacter.swift */,
				A0FFFFFB1D10749B0012BFD1 /* Spellcaster.swift */,
				A0833CDC1D0E8B7D002C5A67 /* Classes.swift */,
				A0833CD21D0E503A002C5A67 /* AbilityScores.swift */,
				A0833CD01D0E5018002C5A67 /* Skills.swift */,
				A0FFFFFD1D1075150012BFD1 /* Feats.swift */,
			);
			name = Model;
			sourceTree = "<group>";
		};
		A0833CCB1D0CFB90002C5A67 /* Utilities */ = {
			isa = PBXGroup;
			children = (
				A033F2AE1D05FA7C00F1A031 /* Manager.swift */,
			);
			name = Utilities;
			sourceTree = "<group>";
		};
		A0C2803E1D012547008D2DF9 = {
			isa = PBXGroup;
			children = (
				A0833CDE1D0E9062002C5A67 /* Realm.framework */,
				A0833CDF1D0E9062002C5A67 /* RealmSwift.framework */,
				A0C280491D012547008D2DF9 /* pathfinder-alpha */,
				A0C280611D012547008D2DF9 /* pathfinder-alphaTests */,
				A0C2806C1D012547008D2DF9 /* pathfinder-alphaUITests */,
				A0C280481D012547008D2DF9 /* Products */,
				EBE22395985019D9946D61F7 /* Pods */,
				506F63EEA021B603BC865271 /* Frameworks */,
			);
			sourceTree = "<group>";
		};
		A0C280481D012547008D2DF9 /* Products */ = {
			isa = PBXGroup;
			children = (
				A0C280471D012547008D2DF9 /* pathfinder-alpha.app */,
				A0C2805E1D012547008D2DF9 /* pathfinder-alphaTests.xctest */,
				A0C280691D012547008D2DF9 /* pathfinder-alphaUITests.xctest */,
			);
			name = Products;
			sourceTree = "<group>";
		};
		A0C280491D012547008D2DF9 /* pathfinder-alpha */ = {
			isa = PBXGroup;
			children = (
				A0C2804A1D012547008D2DF9 /* AppDelegate.swift */,
				A0C2804E1D012547008D2DF9 /* Main.storyboard */,
				A0C280561D012547008D2DF9 /* LaunchScreen.storyboard */,
				A0C280591D012547008D2DF9 /* Info.plist */,
				A0C280541D012547008D2DF9 /* Assets.xcassets */,
				A0C280511D012547008D2DF9 /* pathfinder_alpha.xcdatamodeld */,
				A0FFFFEB1D0FA60C0012BFD1 /* Resources */,
				A0833CCB1D0CFB90002C5A67 /* Utilities */,
				A06DD0041D056FF100DD8948 /* Model */,
				A06DD0031D056FEC00DD8948 /* View */,
				A06DD0021D056FBF00DD8948 /* Controller */,
			);
			path = "pathfinder-alpha";
			sourceTree = "<group>";
		};
		A0C280611D012547008D2DF9 /* pathfinder-alphaTests */ = {
			isa = PBXGroup;
			children = (
				A0C280621D012547008D2DF9 /* pathfinder_alphaTests.swift */,
				A0C280641D012547008D2DF9 /* Info.plist */,
			);
			path = "pathfinder-alphaTests";
			sourceTree = "<group>";
		};
		A0C2806C1D012547008D2DF9 /* pathfinder-alphaUITests */ = {
			isa = PBXGroup;
			children = (
				A0C2806D1D012547008D2DF9 /* pathfinder_alphaUITests.swift */,
				A0C2806F1D012547008D2DF9 /* Info.plist */,
			);
			path = "pathfinder-alphaUITests";
			sourceTree = "<group>";
		};
		A0FFFFEB1D0FA60C0012BFD1 /* Resources */ = {
			isa = PBXGroup;
			children = (
				A0FFFFF81D0FA62F0012BFD1 /* SwiftCSV */,
				A0FFFFEC1D0FA61D0012BFD1 /* Feats_PFSRD_Core.csv */,
				A0FFFFF91D0FA81A0012BFD1 /* Feats_PFSRD_Core.json */,
			);
			name = Resources;
			sourceTree = "<group>";
		};
		A0FFFFF81D0FA62F0012BFD1 /* SwiftCSV */ = {
			isa = PBXGroup;
			children = (
				A0FFFFEE1D0FA62A0012BFD1 /* CSV.swift */,
				A0FFFFEF1D0FA62A0012BFD1 /* Description.swift */,
				A0FFFFF01D0FA62A0012BFD1 /* Parser.swift */,
				A0FFFFF11D0FA62A0012BFD1 /* ParserHelpers.swift */,
				A0FFFFF21D0FA62A0012BFD1 /* String+Lines.swift */,
			);
			name = SwiftCSV;
			sourceTree = "<group>";
		};
		EBE22395985019D9946D61F7 /* Pods */ = {
			isa = PBXGroup;
			children = (
				673A2980DC8A2B8F2027F35E /* Pods-pathfinder-alpha.debug.xcconfig */,
				DA25D2ABBC16FBC406152F1B /* Pods-pathfinder-alpha.release.xcconfig */,
				8DC730A5EF888E1A25C879E3 /* Pods-pathfinder-alphaTests.debug.xcconfig */,
				DC03DBFEDC8CEF0C7749000F /* Pods-pathfinder-alphaTests.release.xcconfig */,
				77AFE22F87E0C235C0E0C4AA /* Pods-pathfinder-alphaUITests.debug.xcconfig */,
				DC95018DD9B69F17654B56D2 /* Pods-pathfinder-alphaUITests.release.xcconfig */,
			);
			name = Pods;
			sourceTree = "<group>";
		};
/* End PBXGroup section */

/* Begin PBXNativeTarget section */
		A0C280461D012547008D2DF9 /* pathfinder-alpha */ = {
			isa = PBXNativeTarget;
			buildConfigurationList = A0C280721D012547008D2DF9 /* Build configuration list for PBXNativeTarget "pathfinder-alpha" */;
			buildPhases = (
				A93C660AA73BDB1C5E6B73BC /* 📦 Check Pods Manifest.lock */,
				A0C280431D012547008D2DF9 /* Sources */,
				A0C280441D012547008D2DF9 /* Frameworks */,
				A0C280451D012547008D2DF9 /* Resources */,
				4A09038C9CEC37264AC206C2 /* 📦 Embed Pods Frameworks */,
				1341B8CED4CE6670C49DAE01 /* 📦 Copy Pods Resources */,
				A0833CE41D0E9062002C5A67 /* Embed Frameworks */,
			);
			buildRules = (
			);
			dependencies = (
			);
			name = "pathfinder-alpha";
			productName = "pathfinder-alpha";
			productReference = A0C280471D012547008D2DF9 /* pathfinder-alpha.app */;
			productType = "com.apple.product-type.application";
		};
		A0C2805D1D012547008D2DF9 /* pathfinder-alphaTests */ = {
			isa = PBXNativeTarget;
			buildConfigurationList = A0C280751D012547008D2DF9 /* Build configuration list for PBXNativeTarget "pathfinder-alphaTests" */;
			buildPhases = (
				2AC11EAF0108DB4F93BBDE3E /* 📦 Check Pods Manifest.lock */,
				A0C2805A1D012547008D2DF9 /* Sources */,
				A0C2805B1D012547008D2DF9 /* Frameworks */,
				A0C2805C1D012547008D2DF9 /* Resources */,
				D9C0B964AC2EF193E707B30E /* 📦 Embed Pods Frameworks */,
				8229F38B62141F388B897954 /* 📦 Copy Pods Resources */,
			);
			buildRules = (
			);
			dependencies = (
				A0C280601D012547008D2DF9 /* PBXTargetDependency */,
			);
			name = "pathfinder-alphaTests";
			productName = "pathfinder-alphaTests";
			productReference = A0C2805E1D012547008D2DF9 /* pathfinder-alphaTests.xctest */;
			productType = "com.apple.product-type.bundle.unit-test";
		};
		A0C280681D012547008D2DF9 /* pathfinder-alphaUITests */ = {
			isa = PBXNativeTarget;
			buildConfigurationList = A0C280781D012547008D2DF9 /* Build configuration list for PBXNativeTarget "pathfinder-alphaUITests" */;
			buildPhases = (
				DB30C6EAAD6AB76DC1301161 /* 📦 Check Pods Manifest.lock */,
				A0C280651D012547008D2DF9 /* Sources */,
				A0C280661D012547008D2DF9 /* Frameworks */,
				A0C280671D012547008D2DF9 /* Resources */,
				CF39973CE2DE3B1F22D4B74A /* 📦 Copy Pods Resources */,
			);
			buildRules = (
			);
			dependencies = (
				A0C2806B1D012547008D2DF9 /* PBXTargetDependency */,
			);
			name = "pathfinder-alphaUITests";
			productName = "pathfinder-alphaUITests";
			productReference = A0C280691D012547008D2DF9 /* pathfinder-alphaUITests.xctest */;
			productType = "com.apple.product-type.bundle.ui-testing";
		};
/* End PBXNativeTarget section */

/* Begin PBXProject section */
		A0C2803F1D012547008D2DF9 /* Project object */ = {
			isa = PBXProject;
			attributes = {
				LastSwiftUpdateCheck = 0730;
				LastUpgradeCheck = 0730;
				ORGANIZATIONNAME = "Adrian Padua";
				TargetAttributes = {
					A0C280461D012547008D2DF9 = {
						CreatedOnToolsVersion = 7.3.1;
					};
					A0C2805D1D012547008D2DF9 = {
						CreatedOnToolsVersion = 7.3.1;
						TestTargetID = A0C280461D012547008D2DF9;
					};
					A0C280681D012547008D2DF9 = {
						CreatedOnToolsVersion = 7.3.1;
						TestTargetID = A0C280461D012547008D2DF9;
					};
				};
			};
			buildConfigurationList = A0C280421D012547008D2DF9 /* Build configuration list for PBXProject "pathfinder-alpha" */;
			compatibilityVersion = "Xcode 3.2";
			developmentRegion = English;
			hasScannedForEncodings = 0;
			knownRegions = (
				en,
				Base,
			);
			mainGroup = A0C2803E1D012547008D2DF9;
			productRefGroup = A0C280481D012547008D2DF9 /* Products */;
			projectDirPath = "";
			projectRoot = "";
			targets = (
				A0C280461D012547008D2DF9 /* pathfinder-alpha */,
				A0C2805D1D012547008D2DF9 /* pathfinder-alphaTests */,
				A0C280681D012547008D2DF9 /* pathfinder-alphaUITests */,
			);
		};
/* End PBXProject section */

/* Begin PBXResourcesBuildPhase section */
		A0C280451D012547008D2DF9 /* Resources */ = {
			isa = PBXResourcesBuildPhase;
			buildActionMask = 2147483647;
			files = (
				A0FFFFFA1D0FA81A0012BFD1 /* Feats_PFSRD_Core.json in Resources */,
				A0C280581D012547008D2DF9 /* LaunchScreen.storyboard in Resources */,
				A0C280551D012547008D2DF9 /* Assets.xcassets in Resources */,
				A0C280501D012547008D2DF9 /* Main.storyboard in Resources */,
				A0FFFFED1D0FA61D0012BFD1 /* Feats_PFSRD_Core.csv in Resources */,
			);
			runOnlyForDeploymentPostprocessing = 0;
		};
		A0C2805C1D012547008D2DF9 /* Resources */ = {
			isa = PBXResourcesBuildPhase;
			buildActionMask = 2147483647;
			files = (
			);
			runOnlyForDeploymentPostprocessing = 0;
		};
		A0C280671D012547008D2DF9 /* Resources */ = {
			isa = PBXResourcesBuildPhase;
			buildActionMask = 2147483647;
			files = (
			);
			runOnlyForDeploymentPostprocessing = 0;
		};
/* End PBXResourcesBuildPhase section */

/* Begin PBXShellScriptBuildPhase section */
		1341B8CED4CE6670C49DAE01 /* 📦 Copy Pods Resources */ = {
			isa = PBXShellScriptBuildPhase;
			buildActionMask = 2147483647;
			files = (
			);
			inputPaths = (
			);
			name = "📦 Copy Pods Resources";
			outputPaths = (
			);
			runOnlyForDeploymentPostprocessing = 0;
			shellPath = /bin/sh;
			shellScript = "\"${SRCROOT}/Pods/Target Support Files/Pods-pathfinder-alpha/Pods-pathfinder-alpha-resources.sh\"\n";
			showEnvVarsInLog = 0;
		};
		2AC11EAF0108DB4F93BBDE3E /* 📦 Check Pods Manifest.lock */ = {
			isa = PBXShellScriptBuildPhase;
			buildActionMask = 2147483647;
			files = (
			);
			inputPaths = (
			);
			name = "📦 Check Pods Manifest.lock";
			outputPaths = (
			);
			runOnlyForDeploymentPostprocessing = 0;
			shellPath = /bin/sh;
			shellScript = "diff \"${PODS_ROOT}/../Podfile.lock\" \"${PODS_ROOT}/Manifest.lock\" > /dev/null\nif [[ $? != 0 ]] ; then\n    cat << EOM\nerror: The sandbox is not in sync with the Podfile.lock. Run 'pod install' or update your CocoaPods installation.\nEOM\n    exit 1\nfi\n";
			showEnvVarsInLog = 0;
		};
		4A09038C9CEC37264AC206C2 /* 📦 Embed Pods Frameworks */ = {
			isa = PBXShellScriptBuildPhase;
			buildActionMask = 2147483647;
			files = (
			);
			inputPaths = (
			);
			name = "📦 Embed Pods Frameworks";
			outputPaths = (
			);
			runOnlyForDeploymentPostprocessing = 0;
			shellPath = /bin/sh;
			shellScript = "\"${SRCROOT}/Pods/Target Support Files/Pods-pathfinder-alpha/Pods-pathfinder-alpha-frameworks.sh\"\n";
			showEnvVarsInLog = 0;
		};
		8229F38B62141F388B897954 /* 📦 Copy Pods Resources */ = {
			isa = PBXShellScriptBuildPhase;
			buildActionMask = 2147483647;
			files = (
			);
			inputPaths = (
			);
			name = "📦 Copy Pods Resources";
			outputPaths = (
			);
			runOnlyForDeploymentPostprocessing = 0;
			shellPath = /bin/sh;
			shellScript = "\"${SRCROOT}/Pods/Target Support Files/Pods-pathfinder-alphaTests/Pods-pathfinder-alphaTests-resources.sh\"\n";
			showEnvVarsInLog = 0;
		};
		A93C660AA73BDB1C5E6B73BC /* 📦 Check Pods Manifest.lock */ = {
			isa = PBXShellScriptBuildPhase;
			buildActionMask = 2147483647;
			files = (
			);
			inputPaths = (
			);
			name = "📦 Check Pods Manifest.lock";
			outputPaths = (
			);
			runOnlyForDeploymentPostprocessing = 0;
			shellPath = /bin/sh;
			shellScript = "diff \"${PODS_ROOT}/../Podfile.lock\" \"${PODS_ROOT}/Manifest.lock\" > /dev/null\nif [[ $? != 0 ]] ; then\n    cat << EOM\nerror: The sandbox is not in sync with the Podfile.lock. Run 'pod install' or update your CocoaPods installation.\nEOM\n    exit 1\nfi\n";
			showEnvVarsInLog = 0;
		};
		CF39973CE2DE3B1F22D4B74A /* 📦 Copy Pods Resources */ = {
			isa = PBXShellScriptBuildPhase;
			buildActionMask = 2147483647;
			files = (
			);
			inputPaths = (
			);
			name = "📦 Copy Pods Resources";
			outputPaths = (
			);
			runOnlyForDeploymentPostprocessing = 0;
			shellPath = /bin/sh;
			shellScript = "\"${SRCROOT}/Pods/Target Support Files/Pods-pathfinder-alphaUITests/Pods-pathfinder-alphaUITests-resources.sh\"\n";
			showEnvVarsInLog = 0;
		};
		D9C0B964AC2EF193E707B30E /* 📦 Embed Pods Frameworks */ = {
			isa = PBXShellScriptBuildPhase;
			buildActionMask = 2147483647;
			files = (
			);
			inputPaths = (
			);
			name = "📦 Embed Pods Frameworks";
			outputPaths = (
			);
			runOnlyForDeploymentPostprocessing = 0;
			shellPath = /bin/sh;
			shellScript = "\"${SRCROOT}/Pods/Target Support Files/Pods-pathfinder-alphaTests/Pods-pathfinder-alphaTests-frameworks.sh\"\n";
			showEnvVarsInLog = 0;
		};
		DB30C6EAAD6AB76DC1301161 /* 📦 Check Pods Manifest.lock */ = {
			isa = PBXShellScriptBuildPhase;
			buildActionMask = 2147483647;
			files = (
			);
			inputPaths = (
			);
			name = "📦 Check Pods Manifest.lock";
			outputPaths = (
			);
			runOnlyForDeploymentPostprocessing = 0;
			shellPath = /bin/sh;
			shellScript = "diff \"${PODS_ROOT}/../Podfile.lock\" \"${PODS_ROOT}/Manifest.lock\" > /dev/null\nif [[ $? != 0 ]] ; then\n    cat << EOM\nerror: The sandbox is not in sync with the Podfile.lock. Run 'pod install' or update your CocoaPods installation.\nEOM\n    exit 1\nfi\n";
			showEnvVarsInLog = 0;
		};
/* End PBXShellScriptBuildPhase section */

/* Begin PBXSourcesBuildPhase section */
		A0C280431D012547008D2DF9 /* Sources */ = {
			isa = PBXSourcesBuildPhase;
			buildActionMask = 2147483647;
			files = (
				A033F2B51D05FE6F00F1A031 /* AbilityScoreVC.swift in Sources */,
				A0833CD31D0E503A002C5A67 /* AbilityScores.swift in Sources */,
				A0FFFFF51D0FA62A0012BFD1 /* Parser.swift in Sources */,
				A0833CDD1D0E8B7D002C5A67 /* Classes.swift in Sources */,
				A0833CD11D0E5018002C5A67 /* Skills.swift in Sources */,
				A0833CCF1D0D1AB2002C5A67 /* SkillsVC.swift in Sources */,
				A0FFFFFE1D1075150012BFD1 /* Feats.swift in Sources */,
				A0FFFFF31D0FA62A0012BFD1 /* CSV.swift in Sources */,
				A0FFFFFC1D10749B0012BFD1 /* Spellcaster.swift in Sources */,
				A0C280531D012547008D2DF9 /* pathfinder_alpha.xcdatamodeld in Sources */,
				A0C2804D1D012547008D2DF9 /* StartVC.swift in Sources */,
				A033F2A91D05F5F300F1A031 /* PlayerCharacter.swift in Sources */,
				A033F2AD1D05F9DD00F1A031 /* RaceSelectVC.swift in Sources */,
				A0FFFFF41D0FA62A0012BFD1 /* Description.swift in Sources */,
				A0FFFFF71D0FA62A0012BFD1 /* String+Lines.swift in Sources */,
				A033F2AF1D05FA7C00F1A031 /* Manager.swift in Sources */,
				A033F2B11D05FC9700F1A031 /* ClassSelectVC.swift in Sources */,
				A0FFFFF61D0FA62A0012BFD1 /* ParserHelpers.swift in Sources */,
				A0C2804B1D012547008D2DF9 /* AppDelegate.swift in Sources */,
			);
			runOnlyForDeploymentPostprocessing = 0;
		};
		A0C2805A1D012547008D2DF9 /* Sources */ = {
			isa = PBXSourcesBuildPhase;
			buildActionMask = 2147483647;
			files = (
				A0C280631D012547008D2DF9 /* pathfinder_alphaTests.swift in Sources */,
			);
			runOnlyForDeploymentPostprocessing = 0;
		};
		A0C280651D012547008D2DF9 /* Sources */ = {
			isa = PBXSourcesBuildPhase;
			buildActionMask = 2147483647;
			files = (
				A0C2806E1D012547008D2DF9 /* pathfinder_alphaUITests.swift in Sources */,
			);
			runOnlyForDeploymentPostprocessing = 0;
		};
/* End PBXSourcesBuildPhase section */

/* Begin PBXTargetDependency section */
		A0C280601D012547008D2DF9 /* PBXTargetDependency */ = {
			isa = PBXTargetDependency;
			target = A0C280461D012547008D2DF9 /* pathfinder-alpha */;
			targetProxy = A0C2805F1D012547008D2DF9 /* PBXContainerItemProxy */;
		};
		A0C2806B1D012547008D2DF9 /* PBXTargetDependency */ = {
			isa = PBXTargetDependency;
			target = A0C280461D012547008D2DF9 /* pathfinder-alpha */;
			targetProxy = A0C2806A1D012547008D2DF9 /* PBXContainerItemProxy */;
		};
/* End PBXTargetDependency section */

/* Begin PBXVariantGroup section */
		A0C2804E1D012547008D2DF9 /* Main.storyboard */ = {
			isa = PBXVariantGroup;
			children = (
				A0C2804F1D012547008D2DF9 /* Base */,
			);
			name = Main.storyboard;
			sourceTree = "<group>";
		};
		A0C280561D012547008D2DF9 /* LaunchScreen.storyboard */ = {
			isa = PBXVariantGroup;
			children = (
				A0C280571D012547008D2DF9 /* Base */,
			);
			name = LaunchScreen.storyboard;
			sourceTree = "<group>";
		};
/* End PBXVariantGroup section */

/* Begin XCBuildConfiguration section */
		A0C280701D012547008D2DF9 /* Debug */ = {
			isa = XCBuildConfiguration;
			buildSettings = {
				ALWAYS_SEARCH_USER_PATHS = NO;
				CLANG_ANALYZER_NONNULL = YES;
				CLANG_CXX_LANGUAGE_STANDARD = "gnu++0x";
				CLANG_CXX_LIBRARY = "libc++";
				CLANG_ENABLE_MODULES = YES;
				CLANG_ENABLE_OBJC_ARC = YES;
				CLANG_WARN_BOOL_CONVERSION = YES;
				CLANG_WARN_CONSTANT_CONVERSION = YES;
				CLANG_WARN_DIRECT_OBJC_ISA_USAGE = YES_ERROR;
				CLANG_WARN_EMPTY_BODY = YES;
				CLANG_WARN_ENUM_CONVERSION = YES;
				CLANG_WARN_INT_CONVERSION = YES;
				CLANG_WARN_OBJC_ROOT_CLASS = YES_ERROR;
				CLANG_WARN_UNREACHABLE_CODE = YES;
				CLANG_WARN__DUPLICATE_METHOD_MATCH = YES;
				"CODE_SIGN_IDENTITY[sdk=iphoneos*]" = "iPhone Developer";
				COPY_PHASE_STRIP = NO;
				DEBUG_INFORMATION_FORMAT = dwarf;
				ENABLE_STRICT_OBJC_MSGSEND = YES;
				ENABLE_TESTABILITY = YES;
				GCC_C_LANGUAGE_STANDARD = gnu99;
				GCC_DYNAMIC_NO_PIC = NO;
				GCC_NO_COMMON_BLOCKS = YES;
				GCC_OPTIMIZATION_LEVEL = 0;
				GCC_PREPROCESSOR_DEFINITIONS = (
					"DEBUG=1",
					"$(inherited)",
				);
				GCC_WARN_64_TO_32_BIT_CONVERSION = YES;
				GCC_WARN_ABOUT_RETURN_TYPE = YES_ERROR;
				GCC_WARN_UNDECLARED_SELECTOR = YES;
				GCC_WARN_UNINITIALIZED_AUTOS = YES_AGGRESSIVE;
				GCC_WARN_UNUSED_FUNCTION = YES;
				GCC_WARN_UNUSED_VARIABLE = YES;
				IPHONEOS_DEPLOYMENT_TARGET = 9.3;
				MTL_ENABLE_DEBUG_INFO = YES;
				ONLY_ACTIVE_ARCH = YES;
				SDKROOT = iphoneos;
				SWIFT_OPTIMIZATION_LEVEL = "-Onone";
				TARGETED_DEVICE_FAMILY = "1,2";
			};
			name = Debug;
		};
		A0C280711D012547008D2DF9 /* Release */ = {
			isa = XCBuildConfiguration;
			buildSettings = {
				ALWAYS_SEARCH_USER_PATHS = NO;
				CLANG_ANALYZER_NONNULL = YES;
				CLANG_CXX_LANGUAGE_STANDARD = "gnu++0x";
				CLANG_CXX_LIBRARY = "libc++";
				CLANG_ENABLE_MODULES = YES;
				CLANG_ENABLE_OBJC_ARC = YES;
				CLANG_WARN_BOOL_CONVERSION = YES;
				CLANG_WARN_CONSTANT_CONVERSION = YES;
				CLANG_WARN_DIRECT_OBJC_ISA_USAGE = YES_ERROR;
				CLANG_WARN_EMPTY_BODY = YES;
				CLANG_WARN_ENUM_CONVERSION = YES;
				CLANG_WARN_INT_CONVERSION = YES;
				CLANG_WARN_OBJC_ROOT_CLASS = YES_ERROR;
				CLANG_WARN_UNREACHABLE_CODE = YES;
				CLANG_WARN__DUPLICATE_METHOD_MATCH = YES;
				"CODE_SIGN_IDENTITY[sdk=iphoneos*]" = "iPhone Developer";
				COPY_PHASE_STRIP = NO;
				DEBUG_INFORMATION_FORMAT = "dwarf-with-dsym";
				ENABLE_NS_ASSERTIONS = NO;
				ENABLE_STRICT_OBJC_MSGSEND = YES;
				GCC_C_LANGUAGE_STANDARD = gnu99;
				GCC_NO_COMMON_BLOCKS = YES;
				GCC_WARN_64_TO_32_BIT_CONVERSION = YES;
				GCC_WARN_ABOUT_RETURN_TYPE = YES_ERROR;
				GCC_WARN_UNDECLARED_SELECTOR = YES;
				GCC_WARN_UNINITIALIZED_AUTOS = YES_AGGRESSIVE;
				GCC_WARN_UNUSED_FUNCTION = YES;
				GCC_WARN_UNUSED_VARIABLE = YES;
				IPHONEOS_DEPLOYMENT_TARGET = 9.3;
				MTL_ENABLE_DEBUG_INFO = NO;
				SDKROOT = iphoneos;
				TARGETED_DEVICE_FAMILY = "1,2";
				VALIDATE_PRODUCT = YES;
			};
			name = Release;
		};
		A0C280731D012547008D2DF9 /* Debug */ = {
			isa = XCBuildConfiguration;
			baseConfigurationReference = 673A2980DC8A2B8F2027F35E /* Pods-pathfinder-alpha.debug.xcconfig */;
			buildSettings = {
				ASSETCATALOG_COMPILER_APPICON_NAME = AppIcon;
				FRAMEWORK_SEARCH_PATHS = (
					"$(inherited)",
					"$(PROJECT_DIR)",
				);
				INFOPLIST_FILE = "pathfinder-alpha/Info.plist";
				LD_RUNPATH_SEARCH_PATHS = "$(inherited) @executable_path/Frameworks";
				PRODUCT_BUNDLE_IDENTIFIER = "com.adrpadua.pathfinder-alpha";
				PRODUCT_NAME = "$(TARGET_NAME)";
			};
			name = Debug;
		};
		A0C280741D012547008D2DF9 /* Release */ = {
			isa = XCBuildConfiguration;
			baseConfigurationReference = DA25D2ABBC16FBC406152F1B /* Pods-pathfinder-alpha.release.xcconfig */;
			buildSettings = {
				ASSETCATALOG_COMPILER_APPICON_NAME = AppIcon;
				FRAMEWORK_SEARCH_PATHS = (
					"$(inherited)",
					"$(PROJECT_DIR)",
				);
				"FRAMEWORK_SEARCH_PATHS[arch=*]" = "/Users/adrpadua/xCodeProjects/pathfinder-alpha";
				INFOPLIST_FILE = "pathfinder-alpha/Info.plist";
				LD_RUNPATH_SEARCH_PATHS = "$(inherited) @executable_path/Frameworks";
				PRODUCT_BUNDLE_IDENTIFIER = "com.adrpadua.pathfinder-alpha";
				PRODUCT_NAME = "$(TARGET_NAME)";
			};
			name = Release;
		};
		A0C280761D012547008D2DF9 /* Debug */ = {
			isa = XCBuildConfiguration;
			baseConfigurationReference = 8DC730A5EF888E1A25C879E3 /* Pods-pathfinder-alphaTests.debug.xcconfig */;
			buildSettings = {
				BUNDLE_LOADER = "$(TEST_HOST)";
				INFOPLIST_FILE = "pathfinder-alphaTests/Info.plist";
				LD_RUNPATH_SEARCH_PATHS = "$(inherited) @executable_path/Frameworks @loader_path/Frameworks";
				PRODUCT_BUNDLE_IDENTIFIER = "com.adrpadua.pathfinder-alphaTests";
				PRODUCT_NAME = "$(TARGET_NAME)";
				TEST_HOST = "$(BUILT_PRODUCTS_DIR)/pathfinder-alpha.app/pathfinder-alpha";
			};
			name = Debug;
		};
		A0C280771D012547008D2DF9 /* Release */ = {
			isa = XCBuildConfiguration;
			baseConfigurationReference = DC03DBFEDC8CEF0C7749000F /* Pods-pathfinder-alphaTests.release.xcconfig */;
			buildSettings = {
				BUNDLE_LOADER = "$(TEST_HOST)";
				INFOPLIST_FILE = "pathfinder-alphaTests/Info.plist";
				LD_RUNPATH_SEARCH_PATHS = "$(inherited) @executable_path/Frameworks @loader_path/Frameworks";
				PRODUCT_BUNDLE_IDENTIFIER = "com.adrpadua.pathfinder-alphaTests";
				PRODUCT_NAME = "$(TARGET_NAME)";
				TEST_HOST = "$(BUILT_PRODUCTS_DIR)/pathfinder-alpha.app/pathfinder-alpha";
			};
			name = Release;
		};
		A0C280791D012547008D2DF9 /* Debug */ = {
			isa = XCBuildConfiguration;
			baseConfigurationReference = 77AFE22F87E0C235C0E0C4AA /* Pods-pathfinder-alphaUITests.debug.xcconfig */;
			buildSettings = {
				INFOPLIST_FILE = "pathfinder-alphaUITests/Info.plist";
				LD_RUNPATH_SEARCH_PATHS = "$(inherited) @executable_path/Frameworks @loader_path/Frameworks";
				PRODUCT_BUNDLE_IDENTIFIER = "com.adrpadua.pathfinder-alphaUITests";
				PRODUCT_NAME = "$(TARGET_NAME)";
				TEST_TARGET_NAME = "pathfinder-alpha";
			};
			name = Debug;
		};
		A0C2807A1D012547008D2DF9 /* Release */ = {
			isa = XCBuildConfiguration;
			baseConfigurationReference = DC95018DD9B69F17654B56D2 /* Pods-pathfinder-alphaUITests.release.xcconfig */;
			buildSettings = {
				INFOPLIST_FILE = "pathfinder-alphaUITests/Info.plist";
				LD_RUNPATH_SEARCH_PATHS = "$(inherited) @executable_path/Frameworks @loader_path/Frameworks";
				PRODUCT_BUNDLE_IDENTIFIER = "com.adrpadua.pathfinder-alphaUITests";
				PRODUCT_NAME = "$(TARGET_NAME)";
				TEST_TARGET_NAME = "pathfinder-alpha";
			};
			name = Release;
		};
/* End XCBuildConfiguration section */

/* Begin XCConfigurationList section */
		A0C280421D012547008D2DF9 /* Build configuration list for PBXProject "pathfinder-alpha" */ = {
			isa = XCConfigurationList;
			buildConfigurations = (
				A0C280701D012547008D2DF9 /* Debug */,
				A0C280711D012547008D2DF9 /* Release */,
			);
			defaultConfigurationIsVisible = 0;
			defaultConfigurationName = Release;
		};
		A0C280721D012547008D2DF9 /* Build configuration list for PBXNativeTarget "pathfinder-alpha" */ = {
			isa = XCConfigurationList;
			buildConfigurations = (
				A0C280731D012547008D2DF9 /* Debug */,
				A0C280741D012547008D2DF9 /* Release */,
			);
			defaultConfigurationIsVisible = 0;
			defaultConfigurationName = Release;
		};
		A0C280751D012547008D2DF9 /* Build configuration list for PBXNativeTarget "pathfinder-alphaTests" */ = {
			isa = XCConfigurationList;
			buildConfigurations = (
				A0C280761D012547008D2DF9 /* Debug */,
				A0C280771D012547008D2DF9 /* Release */,
			);
			defaultConfigurationIsVisible = 0;
			defaultConfigurationName = Release;
		};
		A0C280781D012547008D2DF9 /* Build configuration list for PBXNativeTarget "pathfinder-alphaUITests" */ = {
			isa = XCConfigurationList;
			buildConfigurations = (
				A0C280791D012547008D2DF9 /* Debug */,
				A0C2807A1D012547008D2DF9 /* Release */,
			);
			defaultConfigurationIsVisible = 0;
			defaultConfigurationName = Release;
		};
/* End XCConfigurationList section */

/* Begin XCVersionGroup section */
		A0C280511D012547008D2DF9 /* pathfinder_alpha.xcdatamodeld */ = {
			isa = XCVersionGroup;
			children = (
				A0C280521D012547008D2DF9 /* pathfinder_alpha.xcdatamodel */,
			);
			currentVersion = A0C280521D012547008D2DF9 /* pathfinder_alpha.xcdatamodel */;
			path = pathfinder_alpha.xcdatamodeld;
			sourceTree = "<group>";
			versionGroupType = wrapper.xcdatamodel;
		};
/* End XCVersionGroup section */
	};
	rootObject = A0C2803F1D012547008D2DF9 /* Project object */;
}
